{
  "name": "metagraph-miniprogram",
  "lockfileVersion": 2,
  "requires": true,
  "packages": {
    "": {
      "dependencies": {
        "@vant/weapp": "^1.10.12"
      }
    },
    "node_modules/@vant/weapp": {
      "version": "1.10.12",
      "resolved": "http://10.0.20.2:9292/sjcredit/repository/sjcredit-npm-public/@vant/weapp/-/weapp-1.10.12.tgz",
      "integrity": "sha512-92HtmIOdBD6gGTGhAt8/6bjPvwidgs+49/M4GhPUr9FyJ2xRUxE4d3I+zDtd+GM+v053eiuiQ6V/96DYzW/AVw==",
      "license": "MIT"
    }
  },
  "dependencies": {
    "@vant/weapp": {
      "version": "1.10.12",
      "resolved": "http://10.0.20.2:9292/sjcredit/repository/sjcredit-npm-public/@vant/weapp/-/weapp-1.10.12.tgz",
      "integrity": "sha512-92HtmIOdBD6gGTGhAt8/6bjPvwidgs+49/M4GhPUr9FyJ2xRUxE4d3I+zDtd+GM+v053eiuiQ6V/96DYzW/AVw=="
    }
  }
}
